
Microsoft Visual Studio Solution File, Format Version 12.00
# Visual Studio Version 17
VisualStudioVersion = 17.0.31903.59
MinimumVisualStudioVersion = 10.0.40219.1
Project("{2150E333-8FDC-42A3-9474-1A3956D46DE8}") = "src", "src", "{31C109BD-B01A-486C-ABC5-DEC1700B7D74}"
EndProject
Project("{FAE04EC0-301F-11D3-BF4B-00C04F79EFBC}") = "AuctionService", "src\AuctionService\AuctionService.csproj", "{D35E3903-075B-4CC6-9E00-0D675B623857}"
EndProject
Global
	GlobalSection(SolutionConfigurationPlatforms) = preSolution
		Debug|Any CPU = Debug|Any CPU
		Release|Any CPU = Release|Any CPU
	EndGlobalSection
	GlobalSection(SolutionProperties) = preSolution
		HideSolutionNode = FALSE
	EndGlobalSection
	GlobalSection(ProjectConfigurationPlatforms) = postSolution
		{D35E3903-075B-4CC6-9E00-0D675B623857}.Debug|Any CPU.ActiveCfg = Debug|Any CPU
		{D35E3903-075B-4CC6-9E00-0D675B623857}.Debug|Any CPU.Build.0 = Debug|Any CPU
		{D35E3903-075B-4CC6-9E00-0D675B623857}.Release|Any CPU.ActiveCfg = Release|Any CPU
		{D35E3903-075B-4CC6-9E00-0D675B623857}.Release|Any CPU.Build.0 = Release|Any CPU
	EndGlobalSection
	GlobalSection(NestedProjects) = preSolution
		{D35E3903-075B-4CC6-9E00-0D675B623857} = {31C109BD-B01A-486C-ABC5-DEC1700B7D74}
	EndGlobalSection
EndGlobal
